Microsoft Visual Studio Solution File, Format Version 12.00
# Visual Studio Version 17
VisualStudioVersion = 17.0.31611.283
MinimumVisualStudioVersion = 10.0.40219.1
Project("{FAE04EC0-301F-11D3-BF4B-00C04F79EFBC}") = "Demo", "Demo\Demo.csproj", "{40756207-1EF8-4E8C-9109-54EFC97D74AF}"
EndProject
Global
	GlobalSection(SolutionConfigurationPlatforms) = preSolution
		Debug|Any CPU = Debug|Any CPU
		Release|Any CPU = Release|Any CPU
	EndGlobalSection
	GlobalSection(ProjectConfigurationPlatforms) = postSolution
		{40756207-1EF8-4E8C-9109-54EFC97D74AF}.Debug|Any CPU.ActiveCfg = Debug|Any CPU
		{40756207-1EF8-4E8C-9109-54EFC97D74AF}.Debug|Any CPU.Build.0 = Debug|Any CPU
		{40756207-1EF8-4E8C-9109-54EFC97D74AF}.Debug|Any CPU.Deploy.0 = Debug|Any CPU
		{40756207-1EF8-4E8C-9109-54EFC97D74AF}.Release|Any CPU.ActiveCfg = Release|Any CPU
		{40756207-1EF8-4E8C-9109-54EFC97D74AF}.Release|Any CPU.Build.0 = Release|Any CPU
		{40756207-1EF8-4E8C-9109-54EFC97D74AF}.Release|Any CPU.Deploy.0 = Release|Any CPU
	EndGlobalSection
	GlobalSection(SolutionProperties) = preSolution
		HideSolutionNode = FALSE
	EndGlobalSection
	GlobalSection(ExtensibilityGlobals) = postSolution
		        SolutionGuid = {61F7FB11-1E47-470C-91E2-47F8143E1572}
		SolutionGuid = {BC022371-3E40-4EBF-8FDA-801A9CB06C8E}
	EndGlobalSection
EndGlobal
